// !$*UTF8*$!
{
	archiveVersion = 1;
	classes = {
	};
	objectVersion = 56;
	objects = {

/* Begin PBXBuildFile section */
		E4CF9BC229E8B46000FF6C71 /* TaskManagementCoreDataApp.swift in Sources */ = {isa = PBXBuildFile; fileRef = E4CF9BC129E8B46000FF6C71 /* TaskManagementCoreDataApp.swift */; };
		E4CF9BC429E8B46000FF6C71 /* ContentView.swift in Sources */ = {isa = PBXBuildFile; fileRef = E4CF9BC329E8B46000FF6C71 /* ContentView.swift */; };
		E4CF9BC629E8B46100FF6C71 /* Assets.xcassets in Resources */ = {isa = PBXBuildFile; fileRef = E4CF9BC529E8B46100FF6C71 /* Assets.xcassets */; };
		E4CF9BC929E8B46100FF6C71 /* Preview Assets.xcassets in Resources */ = {isa = PBXBuildFile; fileRef = E4CF9BC829E8B46100FF6C71 /* Preview Assets.xcassets */; };
		E4CF9BCB29E8B46100FF6C71 /* Persistence.swift in Sources */ = {isa = PBXBuildFile; fileRef = E4CF9BCA29E8B46100FF6C71 /* Persistence.swift */; };
		E4CF9BCE29E8B46100FF6C71 /* TaskManagementCoreData.xcdatamodeld in Sources */ = {isa = PBXBuildFile; fileRef = E4CF9BCC29E8B46100FF6C71 /* TaskManagementCoreData.xcdatamodeld */; };
		E4CF9BD729E8B65000FF6C71 /* Home.swift in Sources */ = {isa = PBXBuildFile; fileRef = E4CF9BD629E8B65000FF6C71 /* Home.swift */; };
		E4CF9BD929E8B65E00FF6C71 /* TaskViewModel.swift in Sources */ = {isa = PBXBuildFile; fileRef = E4CF9BD829E8B65E00FF6C71 /* TaskViewModel.swift */; };
		E4CF9BDB29E8B86E00FF6C71 /* DynamicFilteredView.swift in Sources */ = {isa = PBXBuildFile; fileRef = E4CF9BDA29E8B86E00FF6C71 /* DynamicFilteredView.swift */; };
		E4CF9BDD29E8BC8800FF6C71 /* NewTask.swift in Sources */ = {isa = PBXBuildFile; fileRef = E4CF9BDC29E8BC8800FF6C71 /* NewTask.swift */; };
/* End PBXBuildFile section */

/* Begin PBXFileReference section */
		E4CF9BBE29E8B46000FF6C71 /* TaskManagementCoreData.app */ = {isa = PBXFileReference; explicitFileType = wrapper.application; includeInIndex = 0; path = TaskManagementCoreData.app; sourceTree = BUILT_PRODUCTS_DIR; };
		E4CF9BC129E8B46000FF6C71 /* TaskManagementCoreDataApp.swift */ = {isa = PBXFileReference; lastKnownFileType = sourcecode.swift; path = TaskManagementCoreDataApp.swift; sourceTree = "<group>"; };
		E4CF9BC329E8B46000FF6C71 /* ContentView.swift */ = {isa = PBXFileReference; lastKnownFileType = sourcecode.swift; path = ContentView.swift; sourceTree = "<group>"; };
		E4CF9BC529E8B46100FF6C71 /* Assets.xcassets */ = {isa = PBXFileReference; lastKnownFileType = folder.assetcatalog; path = Assets.xcassets; sourceTree = "<group>"; };
		E4CF9BC829E8B46100FF6C71 /* Preview Assets.xcassets */ = {isa = PBXFileReference; lastKnownFileType = folder.assetcatalog; path = "Preview Assets.xcassets"; sourceTree = "<group>"; };
		E4CF9BCA29E8B46100FF6C71 /* Persistence.swift */ = {isa = PBXFileReference; lastKnownFileType = sourcecode.swift; path = Persistence.swift; sourceTree = "<group>"; };
		E4CF9BCD29E8B46100FF6C71 /* TaskManagementCoreData.xcdatamodel */ = {isa = PBXFileReference; lastKnownFileType = wrapper.xcdatamodel; path = TaskManagementCoreData.xcdatamodel; sourceTree = "<group>"; };
		E4CF9BD629E8B65000FF6C71 /* Home.swift */ = {isa = PBXFileReference; fileEncoding = 4; lastKnownFileType = sourcecode.swift; path = Home.swift; sourceTree = "<group>"; };
		E4CF9BD829E8B65E00FF6C71 /* TaskViewModel.swift */ = {isa = PBXFileReference; fileEncoding = 4; lastKnownFileType = sourcecode.swift; path = TaskViewModel.swift; sourceTree = "<group>"; };
		E4CF9BDA29E8B86E00FF6C71 /* DynamicFilteredView.swift */ = {isa = PBXFileReference; lastKnownFileType = sourcecode.swift; path = DynamicFilteredView.swift; sourceTree = "<group>"; };
		E4CF9BDC29E8BC8800FF6C71 /* NewTask.swift */ = {isa = PBXFileReference; lastKnownFileType = sourcecode.swift; path = NewTask.swift; sourceTree = "<group>"; };
/* End PBXFileReference section */

/* Begin PBXFrameworksBuildPhase section */
		E4CF9BBB29E8B46000FF6C71 /* Frameworks */ = {
			isa = PBXFrameworksBuildPhase;
			buildActionMask = 2147483647;
			files = (
			);
			runOnlyForDeploymentPostprocessing = 0;
		};
/* End PBXFrameworksBuildPhase section */

/* Begin PBXGroup section */
		E4CF9BB529E8B46000FF6C71 = {
			isa = PBXGroup;
			children = (
				E4CF9BC029E8B46000FF6C71 /* TaskManagementCoreData */,
				E4CF9BBF29E8B46000FF6C71 /* Products */,
			);
			sourceTree = "<group>";
		};
		E4CF9BBF29E8B46000FF6C71 /* Products */ = {
			isa = PBXGroup;
			children = (
				E4CF9BBE29E8B46000FF6C71 /* TaskManagementCoreData.app */,
			);
			name = Products;
			sourceTree = "<group>";
		};
		E4CF9BC029E8B46000FF6C71 /* TaskManagementCoreData */ = {
			isa = PBXGroup;
			children = (
				E4CF9BD529E8B61A00FF6C71 /* ViewModel */,
				E4CF9BD429E8B61600FF6C71 /* View */,
				E4CF9BC129E8B46000FF6C71 /* TaskManagementCoreDataApp.swift */,
				E4CF9BC329E8B46000FF6C71 /* ContentView.swift */,
				E4CF9BC529E8B46100FF6C71 /* Assets.xcassets */,
				E4CF9BCA29E8B46100FF6C71 /* Persistence.swift */,
				E4CF9BCC29E8B46100FF6C71 /* TaskManagementCoreData.xcdatamodeld */,
				E4CF9BC729E8B46100FF6C71 /* Preview Content */,
			);
			path = TaskManagementCoreData;
			sourceTree = "<group>";
		};
		E4CF9BC729E8B46100FF6C71 /* Preview Content */ = {
			isa = PBXGroup;
			children = (
				E4CF9BC829E8B46100FF6C71 /* Preview Assets.xcassets */,
			);
			path = "Preview Content";
			sourceTree = "<group>";
		};
		E4CF9BD429E8B61600FF6C71 /* View */ = {
			isa = PBXGroup;
			children = (
				E4CF9BD629E8B65000FF6C71 /* Home.swift */,
				E4CF9BDA29E8B86E00FF6C71 /* DynamicFilteredView.swift */,
				E4CF9BDC29E8BC8800FF6C71 /* NewTask.swift */,
			);
			path = View;
			sourceTree = "<group>";
		};
		E4CF9BD529E8B61A00FF6C71 /* ViewModel */ = {
			isa = PBXGroup;
			children = (
				E4CF9BD829E8B65E00FF6C71 /* TaskViewModel.swift */,
			);
			path = ViewModel;
			sourceTree = "<group>";
		};
/* End PBXGroup section */

/* Begin PBXNativeTarget section */
		E4CF9BBD29E8B46000FF6C71 /* TaskManagementCoreData */ = {
			isa = PBXNativeTarget;
			buildConfigurationList = E4CF9BD129E8B46100FF6C71 /* Build configuration list for PBXNativeTarget "TaskManagementCoreData" */;
			buildPhases = (
				E4CF9BBA29E8B46000FF6C71 /* Sources */,
				E4CF9BBB29E8B46000FF6C71 /* Frameworks */,
				E4CF9BBC29E8B46000FF6C71 /* Resources */,
			);
			buildRules = (
			);
			dependencies = (
			);
			name = TaskManagementCoreData;
			productName = TaskManagementCoreData;
			productReference = E4CF9BBE29E8B46000FF6C71 /* TaskManagementCoreData.app */;
			productType = "com.apple.product-type.application";
		};
/* End PBXNativeTarget section */

/* Begin PBXProject section */
		E4CF9BB629E8B46000FF6C71 /* Project object */ = {
			isa = PBXProject;
			attributes = {
				BuildIndependentTargetsInParallel = 1;
				LastSwiftUpdateCheck = 1430;
				LastUpgradeCheck = 1430;
				TargetAttributes = {
					E4CF9BBD29E8B46000FF6C71 = {
						CreatedOnToolsVersion = 14.3;
					};
				};
			};
			buildConfigurationList = E4CF9BB929E8B46000FF6C71 /* Build configuration list for PBXProject "TaskManagementCoreData" */;
			compatibilityVersion = "Xcode 14.0";
			developmentRegion = en;
			hasScannedForEncodings = 0;
			knownRegions = (
				en,
				Base,
			);
			mainGroup = E4CF9BB529E8B46000FF6C71;
			productRefGroup = E4CF9BBF29E8B46000FF6C71 /* Products */;
			projectDirPath = "";
			projectRoot = "";
			targets = (
				E4CF9BBD29E8B46000FF6C71 /* TaskManagementCoreData */,
			);
		};
/* End PBXProject section */

/* Begin PBXResourcesBuildPhase section */
		E4CF9BBC29E8B46000FF6C71 /* Resources */ = {
			isa = PBXResourcesBuildPhase;
			buildActionMask = 2147483647;
			files = (
				E4CF9BC929E8B46100FF6C71 /* Preview Assets.xcassets in Resources */,
				E4CF9BC629E8B46100FF6C71 /* Assets.xcassets in Resources */,
			);
			runOnlyForDeploymentPostprocessing = 0;
		};
/* End PBXResourcesBuildPhase section */

/* Begin PBXSourcesBuildPhase section */
		E4CF9BBA29E8B46000FF6C71 /* Sources */ = {
			isa = PBXSourcesBuildPhase;
			buildActionMask = 2147483647;
			files = (
				E4CF9BCB29E8B46100FF6C71 /* Persistence.swift in Sources */,
				E4CF9BDB29E8B86E00FF6C71 /* DynamicFilteredView.swift in Sources */,
				E4CF9BD929E8B65E00FF6C71 /* TaskViewModel.swift in Sources */,
				E4CF9BC429E8B46000FF6C71 /* ContentView.swift in Sources */,
				E4CF9BD729E8B65000FF6C71 /* Home.swift in Sources */,
				E4CF9BDD29E8BC8800FF6C71 /* NewTask.swift in Sources */,
				E4CF9BCE29E8B46100FF6C71 /* TaskManagementCoreData.xcdatamodeld in Sources */,
				E4CF9BC229E8B46000FF6C71 /* TaskManagementCoreDataApp.swift in Sources */,
			);
			runOnlyForDeploymentPostprocessing = 0;
		};
/* End PBXSourcesBuildPhase section */

/* Begin XCBuildConfiguration section */
		E4CF9BCF29E8B46100FF6C71 /* Debug */ = {
			isa = XCBuildConfiguration;
			buildSettings = {
				ALWAYS_SEARCH_USER_PATHS = NO;
				CLANG_ANALYZER_NONNULL = YES;
				CLANG_ANALYZER_NUMBER_OBJECT_CONVERSION = YES_AGGRESSIVE;
				CLANG_CXX_LANGUAGE_STANDARD = "gnu++20";
				CLANG_ENABLE_MODULES = YES;
				CLANG_ENABLE_OBJC_ARC = YES;
				CLANG_ENABLE_OBJC_WEAK = YES;
				CLANG_WARN_BLOCK_CAPTURE_AUTORELEASING = YES;
				CLANG_WARN_BOOL_CONVERSION = YES;
				CLANG_WARN_COMMA = YES;
				CLANG_WARN_CONSTANT_CONVERSION = YES;
				CLANG_WARN_DEPRECATED_OBJC_IMPLEMENTATIONS = YES;
				CLANG_WARN_DIRECT_OBJC_ISA_USAGE = YES_ERROR;
				CLANG_WARN_DOCUMENTATION_COMMENTS = YES;
				CLANG_WARN_EMPTY_BODY = YES;
				CLANG_WARN_ENUM_CONVERSION = YES;
				CLANG_WARN_INFINITE_RECURSION = YES;
				CLANG_WARN_INT_CONVERSION = YES;
				CLANG_WARN_NON_LITERAL_NULL_CONVERSION = YES;
				CLANG_WARN_OBJC_IMPLICIT_RETAIN_SELF = YES;
				CLANG_WARN_OBJC_LITERAL_CONVERSION = YES;
				CLANG_WARN_OBJC_ROOT_CLASS = YES_ERROR;
				CLANG_WARN_QUOTED_INCLUDE_IN_FRAMEWORK_HEADER = YES;
				CLANG_WARN_RANGE_LOOP_ANALYSIS = YES;
				CLANG_WARN_STRICT_PROTOTYPES = YES;
				CLANG_WARN_SUSPICIOUS_MOVE = YES;
				CLANG_WARN_UNGUARDED_AVAILABILITY = YES_AGGRESSIVE;
				CLANG_WARN_UNREACHABLE_CODE = YES;
				CLANG_WARN__DUPLICATE_METHOD_MATCH = YES;
				COPY_PHASE_STRIP = NO;
				DEBUG_INFORMATION_FORMAT = dwarf;
				ENABLE_STRICT_OBJC_MSGSEND = YES;
				ENABLE_TESTABILITY = YES;
				GCC_C_LANGUAGE_STANDARD = gnu11;
				GCC_DYNAMIC_NO_PIC = NO;
				GCC_NO_COMMON_BLOCKS = YES;
				GCC_OPTIMIZATION_LEVEL = 0;
				GCC_PREPROCESSOR_DEFINITIONS = (
					"DEBUG=1",
					"$(inherited)",
				);
				GCC_WARN_64_TO_32_BIT_CONVERSION = YES;
				GCC_WARN_ABOUT_RETURN_TYPE = YES_ERROR;
				GCC_WARN_UNDECLARED_SELECTOR = YES;
				GCC_WARN_UNINITIALIZED_AUTOS = YES_AGGRESSIVE;
				GCC_WARN_UNUSED_FUNCTION = YES;
				GCC_WARN_UNUSED_VARIABLE = YES;
				IPHONEOS_DEPLOYMENT_TARGET = 16.4;
				MTL_ENABLE_DEBUG_INFO = INCLUDE_SOURCE;
				MTL_FAST_MATH = YES;
				ONLY_ACTIVE_ARCH = YES;
				SDKROOT = iphoneos;
				SWIFT_ACTIVE_COMPILATION_CONDITIONS = DEBUG;
				SWIFT_OPTIMIZATION_LEVEL = "-Onone";
			};
			name = Debug;
		};
		E4CF9BD029E8B46100FF6C71 /* Release */ = {
			isa = XCBuildConfiguration;
			buildSettings = {
				ALWAYS_SEARCH_USER_PATHS = NO;
				CLANG_ANALYZER_NONNULL = YES;
				CLANG_ANALYZER_NUMBER_OBJECT_CONVERSION = YES_AGGRESSIVE;
				CLANG_CXX_LANGUAGE_STANDARD = "gnu++20";
				CLANG_ENABLE_MODULES = YES;
				CLANG_ENABLE_OBJC_ARC = YES;
				CLANG_ENABLE_OBJC_WEAK = YES;
				CLANG_WARN_BLOCK_CAPTURE_AUTORELEASING = YES;
				CLANG_WARN_BOOL_CONVERSION = YES;
				CLANG_WARN_COMMA = YES;
				CLANG_WARN_CONSTANT_CONVERSION = YES;
				CLANG_WARN_DEPRECATED_OBJC_IMPLEMENTATIONS = YES;
				CLANG_WARN_DIRECT_OBJC_ISA_USAGE = YES_ERROR;
				CLANG_WARN_DOCUMENTATION_COMMENTS = YES;
				CLANG_WARN_EMPTY_BODY = YES;
				CLANG_WARN_ENUM_CONVERSION = YES;
				CLANG_WARN_INFINITE_RECURSION = YES;
				CLANG_WARN_INT_CONVERSION = YES;
				CLANG_WARN_NON_LITERAL_NULL_CONVERSION = YES;
				CLANG_WARN_OBJC_IMPLICIT_RETAIN_SELF = YES;
				CLANG_WARN_OBJC_LITERAL_CONVERSION = YES;
				CLANG_WARN_OBJC_ROOT_CLASS = YES_ERROR;
				CLANG_WARN_QUOTED_INCLUDE_IN_FRAMEWORK_HEADER = YES;
				CLANG_WARN_RANGE_LOOP_ANALYSIS = YES;
				CLANG_WARN_STRICT_PROTOTYPES = YES;
				CLANG_WARN_SUSPICIOUS_MOVE = YES;
				CLANG_WARN_UNGUARDED_AVAILABILITY = YES_AGGRESSIVE;
				CLANG_WARN_UNREACHABLE_CODE = YES;
				CLANG_WARN__DUPLICATE_METHOD_MATCH = YES;
				COPY_PHASE_STRIP = NO;
				DEBUG_INFORMATION_FORMAT = "dwarf-with-dsym";
				ENABLE_NS_ASSERTIONS = NO;
				ENABLE_STRICT_OBJC_MSGSEND = YES;
				GCC_C_LANGUAGE_STANDARD = gnu11;
				GCC_NO_COMMON_BLOCKS = YES;
				GCC_WARN_64_TO_32_BIT_CONVERSION = YES;
				GCC_WARN_ABOUT_RETURN_TYPE = YES_ERROR;
				GCC_WARN_UNDECLARED_SELECTOR = YES;
				GCC_WARN_UNINITIALIZED_AUTOS = YES_AGGRESSIVE;
				GCC_WARN_UNUSED_FUNCTION = YES;
				GCC_WARN_UNUSED_VARIABLE = YES;
				IPHONEOS_DEPLOYMENT_TARGET = 16.4;
				MTL_ENABLE_DEBUG_INFO = NO;
				MTL_FAST_MATH = YES;
				SDKROOT = iphoneos;
				SWIFT_COMPILATION_MODE = wholemodule;
				SWIFT_OPTIMIZATION_LEVEL = "-O";
				VALIDATE_PRODUCT = YES;
			};
			name = Release;
		};
		E4CF9BD229E8B46100FF6C71 /* Debug */ = {
			isa = XCBuildConfiguration;
			buildSettings = {
				ASSETCATALOG_COMPILER_APPICON_NAME = AppIcon;
				ASSETCATALOG_COMPILER_GLOBAL_ACCENT_COLOR_NAME = AccentColor;
				CODE_SIGN_STYLE = Automatic;
				CURRENT_PROJECT_VERSION = 1;
				DEVELOPMENT_ASSET_PATHS = "\"TaskManagementCoreData/Preview Content\"";
				DEVELOPMENT_TEAM = 4P4GQMB6S7;
				ENABLE_PREVIEWS = YES;
				GENERATE_INFOPLIST_FILE = YES;
				INFOPLIST_KEY_UIApplicationSceneManifest_Generation = YES;
				INFOPLIST_KEY_UIApplicationSupportsIndirectInputEvents = YES;
				INFOPLIST_KEY_UILaunchScreen_Generation = YES;
				INFOPLIST_KEY_UISupportedInterfaceOrientations_iPad = "UIInterfaceOrientationPortrait UIInterfaceOrientationPortraitUpsideDown UIInterfaceOrientationLandscapeLeft UIInterfaceOrientationLandscapeRight";
				INFOPLIST_KEY_UISupportedInterfaceOrientations_iPhone = "UIInterfaceOrientationPortrait UIInterfaceOrientationLandscapeLeft UIInterfaceOrientationLandscapeRight";
				LD_RUNPATH_SEARCH_PATHS = (
					"$(inherited)",
					"@executable_path/Frameworks",
				);
				MARKETING_VERSION = 1.0;
				PRODUCT_BUNDLE_IDENTIFIER = mj.TaskManagementCoreData;
				PRODUCT_NAME = "$(TARGET_NAME)";
				SWIFT_EMIT_LOC_STRINGS = YES;
				SWIFT_VERSION = 5.0;
				TARGETED_DEVICE_FAMILY = "1,2";
			};
			name = Debug;
		};
		E4CF9BD329E8B46100FF6C71 /* Release */ = {
			isa = XCBuildConfiguration;
			buildSettings = {
				ASSETCATALOG_COMPILER_APPICON_NAME = AppIcon;
				ASSETCATALOG_COMPILER_GLOBAL_ACCENT_COLOR_NAME = AccentColor;
				CODE_SIGN_STYLE = Automatic;
				CURRENT_PROJECT_VERSION = 1;
				DEVELOPMENT_ASSET_PATHS = "\"TaskManagementCoreData/Preview Content\"";
				DEVELOPMENT_TEAM = 4P4GQMB6S7;
				ENABLE_PREVIEWS = YES;
				GENERATE_INFOPLIST_FILE = YES;
				INFOPLIST_KEY_UIApplicationSceneManifest_Generation = YES;
				INFOPLIST_KEY_UIApplicationSupportsIndirectInputEvents = YES;
				INFOPLIST_KEY_UILaunchScreen_Generation = YES;
				INFOPLIST_KEY_UISupportedInterfaceOrientations_iPad = "UIInterfaceOrientationPortrait UIInterfaceOrientationPortraitUpsideDown UIInterfaceOrientationLandscapeLeft UIInterfaceOrientationLandscapeRight";
				INFOPLIST_KEY_UISupportedInterfaceOrientations_iPhone = "UIInterfaceOrientationPortrait UIInterfaceOrientationLandscapeLeft UIInterfaceOrientationLandscapeRight";
				LD_RUNPATH_SEARCH_PATHS = (
					"$(inherited)",
					"@executable_path/Frameworks",
				);
				MARKETING_VERSION = 1.0;
				PRODUCT_BUNDLE_IDENTIFIER = mj.TaskManagementCoreData;
				PRODUCT_NAME = "$(TARGET_NAME)";
				SWIFT_EMIT_LOC_STRINGS = YES;
				SWIFT_VERSION = 5.0;
				TARGETED_DEVICE_FAMILY = "1,2";
			};
			name = Release;
		};
/* End XCBuildConfiguration section */

/* Begin XCConfigurationList section */
		E4CF9BB929E8B46000FF6C71 /* Build configuration list for PBXProject "TaskManagementCoreData" */ = {
			isa = XCConfigurationList;
			buildConfigurations = (
				E4CF9BCF29E8B46100FF6C71 /* Debug */,
				E4CF9BD029E8B46100FF6C71 /* Release */,
			);
			defaultConfigurationIsVisible = 0;
			defaultConfigurationName = Release;
		};
		E4CF9BD129E8B46100FF6C71 /* Build configuration list for PBXNativeTarget "TaskManagementCoreData" */ = {
			isa = XCConfigurationList;
			buildConfigurations = (
				E4CF9BD229E8B46100FF6C71 /* Debug */,
				E4CF9BD329E8B46100FF6C71 /* Release */,
			);
			defaultConfigurationIsVisible = 0;
			defaultConfigurationName = Release;
		};
/* End XCConfigurationList section */

/* Begin XCVersionGroup section */
		E4CF9BCC29E8B46100FF6C71 /* TaskManagementCoreData.xcdatamodeld */ = {
			isa = XCVersionGroup;
			children = (
				E4CF9BCD29E8B46100FF6C71 /* TaskManagementCoreData.xcdatamodel */,
			);
			currentVersion = E4CF9BCD29E8B46100FF6C71 /* TaskManagementCoreData.xcdatamodel */;
			path = TaskManagementCoreData.xcdatamodeld;
			sourceTree = "<group>";
			versionGroupType = wrapper.xcdatamodel;
		};
/* End XCVersionGroup section */
	};
	rootObject = E4CF9BB629E8B46000FF6C71 /* Project object */;
}
